
Microsoft Visual Studio Solution File, Format Version 12.00
# Visual Studio Version 16
VisualStudioVersion = 16.0.30114.105
MinimumVisualStudioVersion = 10.0.40219.1
Project("{2150E333-8FDC-42A3-9474-1A3956D46DE8}") = "backend", "backend", "{A76DF1E1-29D7-47EC-AC08-B2CDB5E83764}"
EndProject
Project("{FAE04EC0-301F-11D3-BF4B-00C04F79EFBC}") = "Fleet.Api", "backend\Fleet.Api\Fleet.Api.csproj", "{4364C750-4D54-4A88-B4C1-84DF1A0CD737}"
EndProject
Global
	GlobalSection(SolutionConfigurationPlatforms) = preSolution
		Debug|Any CPU = Debug|Any CPU
		Release|Any CPU = Release|Any CPU
	EndGlobalSection
	GlobalSection(SolutionProperties) = preSolution
		HideSolutionNode = FALSE
	EndGlobalSection
	GlobalSection(ProjectConfigurationPlatforms) = postSolution
		{4364C750-4D54-4A88-B4C1-84DF1A0CD737}.Debug|Any CPU.ActiveCfg = Debug|Any CPU
		{4364C750-4D54-4A88-B4C1-84DF1A0CD737}.Debug|Any CPU.Build.0 = Debug|Any CPU
		{4364C750-4D54-4A88-B4C1-84DF1A0CD737}.Release|Any CPU.ActiveCfg = Release|Any CPU
		{4364C750-4D54-4A88-B4C1-84DF1A0CD737}.Release|Any CPU.Build.0 = Release|Any CPU
	EndGlobalSection
	GlobalSection(NestedProjects) = preSolution
		{4364C750-4D54-4A88-B4C1-84DF1A0CD737} = {A76DF1E1-29D7-47EC-AC08-B2CDB5E83764}
	EndGlobalSection
EndGlobal
